// !$*UTF8*$!
{
	archiveVersion = 1;
	classes = {
	};
	objectVersion = 56;
	objects = {

/* Begin PBXBuildFile section */
		88BDFFD52A5D5D9700F7A51D /* Telegram_ColneApp.swift in Sources */ = {isa = PBXBuildFile; fileRef = 88BDFFD42A5D5D9700F7A51D /* Telegram_ColneApp.swift */; };
		88BDFFD72A5D5D9700F7A51D /* ContentView.swift in Sources */ = {isa = PBXBuildFile; fileRef = 88BDFFD62A5D5D9700F7A51D /* ContentView.swift */; };
		88BDFFD92A5D5D9700F7A51D /* Assets.xcassets in Resources */ = {isa = PBXBuildFile; fileRef = 88BDFFD82A5D5D9700F7A51D /* Assets.xcassets */; };
		88BDFFDC2A5D5D9700F7A51D /* Preview Assets.xcassets in Resources */ = {isa = PBXBuildFile; fileRef = 88BDFFDB2A5D5D9700F7A51D /* Preview Assets.xcassets */; };
		88BDFFE72A5D70CE00F7A51D /* Home.swift in Sources */ = {isa = PBXBuildFile; fileRef = 88BDFFE62A5D70CE00F7A51D /* Home.swift */; };
		88BDFFE92A5D70E900F7A51D /* TabButton.swift in Sources */ = {isa = PBXBuildFile; fileRef = 88BDFFE82A5D70E900F7A51D /* TabButton.swift */; };
		88BDFFEB2A5D727A00F7A51D /* HomeViewModel.swift in Sources */ = {isa = PBXBuildFile; fileRef = 88BDFFEA2A5D727A00F7A51D /* HomeViewModel.swift */; };
		88BDFFED2A5D748A00F7A51D /* BlurView.swift in Sources */ = {isa = PBXBuildFile; fileRef = 88BDFFEC2A5D748A00F7A51D /* BlurView.swift */; };
		88BDFFEF2A5D775F00F7A51D /* AllChatsView.swift in Sources */ = {isa = PBXBuildFile; fileRef = 88BDFFEE2A5D775F00F7A51D /* AllChatsView.swift */; };
		88BDFFF12A5D77E100F7A51D /* RecentMessage.swift in Sources */ = {isa = PBXBuildFile; fileRef = 88BDFFF02A5D77E100F7A51D /* RecentMessage.swift */; };
		88BDFFF32A5D7A6F00F7A51D /* Message.swift in Sources */ = {isa = PBXBuildFile; fileRef = 88BDFFF22A5D7A6F00F7A51D /* Message.swift */; };
		88BDFFF52A5D84E500F7A51D /* RecentCardView.swift in Sources */ = {isa = PBXBuildFile; fileRef = 88BDFFF42A5D84E500F7A51D /* RecentCardView.swift */; };
/* End PBXBuildFile section */

/* Begin PBXFileReference section */
		88BDFFD12A5D5D9700F7A51D /* Telegram Colne.app */ = {isa = PBXFileReference; explicitFileType = wrapper.application; includeInIndex = 0; path = "Telegram Colne.app"; sourceTree = BUILT_PRODUCTS_DIR; };
		88BDFFD42A5D5D9700F7A51D /* Telegram_ColneApp.swift */ = {isa = PBXFileReference; lastKnownFileType = sourcecode.swift; path = Telegram_ColneApp.swift; sourceTree = "<group>"; };
		88BDFFD62A5D5D9700F7A51D /* ContentView.swift */ = {isa = PBXFileReference; lastKnownFileType = sourcecode.swift; path = ContentView.swift; sourceTree = "<group>"; };
		88BDFFD82A5D5D9700F7A51D /* Assets.xcassets */ = {isa = PBXFileReference; lastKnownFileType = folder.assetcatalog; path = Assets.xcassets; sourceTree = "<group>"; };
		88BDFFDB2A5D5D9700F7A51D /* Preview Assets.xcassets */ = {isa = PBXFileReference; lastKnownFileType = folder.assetcatalog; path = "Preview Assets.xcassets"; sourceTree = "<group>"; };
		88BDFFDD2A5D5D9700F7A51D /* Telegram_Colne.entitlements */ = {isa = PBXFileReference; lastKnownFileType = text.plist.entitlements; path = Telegram_Colne.entitlements; sourceTree = "<group>"; };
		88BDFFE62A5D70CE00F7A51D /* Home.swift */ = {isa = PBXFileReference; lastKnownFileType = sourcecode.swift; path = Home.swift; sourceTree = "<group>"; };
		88BDFFE82A5D70E900F7A51D /* TabButton.swift */ = {isa = PBXFileReference; lastKnownFileType = sourcecode.swift; path = TabButton.swift; sourceTree = "<group>"; };
		88BDFFEA2A5D727A00F7A51D /* HomeViewModel.swift */ = {isa = PBXFileReference; lastKnownFileType = sourcecode.swift; path = HomeViewModel.swift; sourceTree = "<group>"; };
		88BDFFEC2A5D748A00F7A51D /* BlurView.swift */ = {isa = PBXFileReference; lastKnownFileType = sourcecode.swift; path = BlurView.swift; sourceTree = "<group>"; };
		88BDFFEE2A5D775F00F7A51D /* AllChatsView.swift */ = {isa = PBXFileReference; lastKnownFileType = sourcecode.swift; path = AllChatsView.swift; sourceTree = "<group>"; };
		88BDFFF02A5D77E100F7A51D /* RecentMessage.swift */ = {isa = PBXFileReference; lastKnownFileType = sourcecode.swift; path = RecentMessage.swift; sourceTree = "<group>"; };
		88BDFFF22A5D7A6F00F7A51D /* Message.swift */ = {isa = PBXFileReference; lastKnownFileType = sourcecode.swift; path = Message.swift; sourceTree = "<group>"; };
		88BDFFF42A5D84E500F7A51D /* RecentCardView.swift */ = {isa = PBXFileReference; lastKnownFileType = sourcecode.swift; path = RecentCardView.swift; sourceTree = "<group>"; };
/* End PBXFileReference section */

/* Begin PBXFrameworksBuildPhase section */
		88BDFFCE2A5D5D9700F7A51D /* Frameworks */ = {
			isa = PBXFrameworksBuildPhase;
			buildActionMask = 2147483647;
			files = (
			);
			runOnlyForDeploymentPostprocessing = 0;
		};
/* End PBXFrameworksBuildPhase section */

/* Begin PBXGroup section */
		88BDFFC82A5D5D9700F7A51D = {
			isa = PBXGroup;
			children = (
				88BDFFD32A5D5D9700F7A51D /* Telegram Colne */,
				88BDFFD22A5D5D9700F7A51D /* Products */,
			);
			sourceTree = "<group>";
		};
		88BDFFD22A5D5D9700F7A51D /* Products */ = {
			isa = PBXGroup;
			children = (
				88BDFFD12A5D5D9700F7A51D /* Telegram Colne.app */,
			);
			name = Products;
			sourceTree = "<group>";
		};
		88BDFFD32A5D5D9700F7A51D /* Telegram Colne */ = {
			isa = PBXGroup;
			children = (
				88BDFFE52A5D70AC00F7A51D /* View */,
				88BDFFE42A5D70A500F7A51D /* Model */,
				88BDFFE32A5D709C00F7A51D /* ViewModel */,
				88BDFFD42A5D5D9700F7A51D /* Telegram_ColneApp.swift */,
				88BDFFD62A5D5D9700F7A51D /* ContentView.swift */,
				88BDFFD82A5D5D9700F7A51D /* Assets.xcassets */,
				88BDFFDD2A5D5D9700F7A51D /* Telegram_Colne.entitlements */,
				88BDFFDA2A5D5D9700F7A51D /* Preview Content */,
			);
			path = "Telegram Colne";
			sourceTree = "<group>";
		};
		88BDFFDA2A5D5D9700F7A51D /* Preview Content */ = {
			isa = PBXGroup;
			children = (
				88BDFFDB2A5D5D9700F7A51D /* Preview Assets.xcassets */,
			);
			path = "Preview Content";
			sourceTree = "<group>";
		};
		88BDFFE32A5D709C00F7A51D /* ViewModel */ = {
			isa = PBXGroup;
			children = (
				88BDFFEA2A5D727A00F7A51D /* HomeViewModel.swift */,
			);
			path = ViewModel;
			sourceTree = "<group>";
		};
		88BDFFE42A5D70A500F7A51D /* Model */ = {
			isa = PBXGroup;
			children = (
				88BDFFF02A5D77E100F7A51D /* RecentMessage.swift */,
				88BDFFF22A5D7A6F00F7A51D /* Message.swift */,
			);
			path = Model;
			sourceTree = "<group>";
		};
		88BDFFE52A5D70AC00F7A51D /* View */ = {
			isa = PBXGroup;
			children = (
				88BDFFE62A5D70CE00F7A51D /* Home.swift */,
				88BDFFE82A5D70E900F7A51D /* TabButton.swift */,
				88BDFFEC2A5D748A00F7A51D /* BlurView.swift */,
				88BDFFEE2A5D775F00F7A51D /* AllChatsView.swift */,
				88BDFFF42A5D84E500F7A51D /* RecentCardView.swift */,
			);
			path = View;
			sourceTree = "<group>";
		};
/* End PBXGroup section */

/* Begin PBXNativeTarget section */
		88BDFFD02A5D5D9700F7A51D /* Telegram Colne */ = {
			isa = PBXNativeTarget;
			buildConfigurationList = 88BDFFE02A5D5D9700F7A51D /* Build configuration list for PBXNativeTarget "Telegram Colne" */;
			buildPhases = (
				88BDFFCD2A5D5D9700F7A51D /* Sources */,
				88BDFFCE2A5D5D9700F7A51D /* Frameworks */,
				88BDFFCF2A5D5D9700F7A51D /* Resources */,
			);
			buildRules = (
			);
			dependencies = (
			);
			name = "Telegram Colne";
			productName = "Telegram Colne";
			productReference = 88BDFFD12A5D5D9700F7A51D /* Telegram Colne.app */;
			productType = "com.apple.product-type.application";
		};
/* End PBXNativeTarget section */

/* Begin PBXProject section */
		88BDFFC92A5D5D9700F7A51D /* Project object */ = {
			isa = PBXProject;
			attributes = {
				BuildIndependentTargetsInParallel = 1;
				LastSwiftUpdateCheck = 1430;
				LastUpgradeCheck = 1430;
				TargetAttributes = {
					88BDFFD02A5D5D9700F7A51D = {
						CreatedOnToolsVersion = 14.3.1;
					};
				};
			};
			buildConfigurationList = 88BDFFCC2A5D5D9700F7A51D /* Build configuration list for PBXProject "Telegram Colne" */;
			compatibilityVersion = "Xcode 14.0";
			developmentRegion = en;
			hasScannedForEncodings = 0;
			knownRegions = (
				en,
				Base,
			);
			mainGroup = 88BDFFC82A5D5D9700F7A51D;
			productRefGroup = 88BDFFD22A5D5D9700F7A51D /* Products */;
			projectDirPath = "";
			projectRoot = "";
			targets = (
				88BDFFD02A5D5D9700F7A51D /* Telegram Colne */,
			);
		};
/* End PBXProject section */

/* Begin PBXResourcesBuildPhase section */
		88BDFFCF2A5D5D9700F7A51D /* Resources */ = {
			isa = PBXResourcesBuildPhase;
			buildActionMask = 2147483647;
			files = (
				88BDFFDC2A5D5D9700F7A51D /* Preview Assets.xcassets in Resources */,
				88BDFFD92A5D5D9700F7A51D /* Assets.xcassets in Resources */,
			);
			runOnlyForDeploymentPostprocessing = 0;
		};
/* End PBXResourcesBuildPhase section */

/* Begin PBXSourcesBuildPhase section */
		88BDFFCD2A5D5D9700F7A51D /* Sources */ = {
			isa = PBXSourcesBuildPhase;
			buildActionMask = 2147483647;
			files = (
				88BDFFEF2A5D775F00F7A51D /* AllChatsView.swift in Sources */,
				88BDFFD72A5D5D9700F7A51D /* ContentView.swift in Sources */,
				88BDFFE92A5D70E900F7A51D /* TabButton.swift in Sources */,
				88BDFFF32A5D7A6F00F7A51D /* Message.swift in Sources */,
				88BDFFE72A5D70CE00F7A51D /* Home.swift in Sources */,
				88BDFFF12A5D77E100F7A51D /* RecentMessage.swift in Sources */,
				88BDFFEB2A5D727A00F7A51D /* HomeViewModel.swift in Sources */,
				88BDFFF52A5D84E500F7A51D /* RecentCardView.swift in Sources */,
				88BDFFD52A5D5D9700F7A51D /* Telegram_ColneApp.swift in Sources */,
				88BDFFED2A5D748A00F7A51D /* BlurView.swift in Sources */,
			);
			runOnlyForDeploymentPostprocessing = 0;
		};
/* End PBXSourcesBuildPhase section */

/* Begin XCBuildConfiguration section */
		88BDFFDE2A5D5D9700F7A51D /* Debug */ = {
			isa = XCBuildConfiguration;
			buildSettings = {
				ALWAYS_SEARCH_USER_PATHS = NO;
				CLANG_ANALYZER_NONNULL = YES;
				CLANG_ANALYZER_NUMBER_OBJECT_CONVERSION = YES_AGGRESSIVE;
				CLANG_CXX_LANGUAGE_STANDARD = "gnu++20";
				CLANG_ENABLE_MODULES = YES;
				CLANG_ENABLE_OBJC_ARC = YES;
				CLANG_ENABLE_OBJC_WEAK = YES;
				CLANG_WARN_BLOCK_CAPTURE_AUTORELEASING = YES;
				CLANG_WARN_BOOL_CONVERSION = YES;
				CLANG_WARN_COMMA = YES;
				CLANG_WARN_CONSTANT_CONVERSION = YES;
				CLANG_WARN_DEPRECATED_OBJC_IMPLEMENTATIONS = YES;
				CLANG_WARN_DIRECT_OBJC_ISA_USAGE = YES_ERROR;
				CLANG_WARN_DOCUMENTATION_COMMENTS = YES;
				CLANG_WARN_EMPTY_BODY = YES;
				CLANG_WARN_ENUM_CONVERSION = YES;
				CLANG_WARN_INFINITE_RECURSION = YES;
				CLANG_WARN_INT_CONVERSION = YES;
				CLANG_WARN_NON_LITERAL_NULL_CONVERSION = YES;
				CLANG_WARN_OBJC_IMPLICIT_RETAIN_SELF = YES;
				CLANG_WARN_OBJC_LITERAL_CONVERSION = YES;
				CLANG_WARN_OBJC_ROOT_CLASS = YES_ERROR;
				CLANG_WARN_QUOTED_INCLUDE_IN_FRAMEWORK_HEADER = YES;
				CLANG_WARN_RANGE_LOOP_ANALYSIS = YES;
				CLANG_WARN_STRICT_PROTOTYPES = YES;
				CLANG_WARN_SUSPICIOUS_MOVE = YES;
				CLANG_WARN_UNGUARDED_AVAILABILITY = YES_AGGRESSIVE;
				CLANG_WARN_UNREACHABLE_CODE = YES;
				CLANG_WARN__DUPLICATE_METHOD_MATCH = YES;
				COPY_PHASE_STRIP = NO;
				DEBUG_INFORMATION_FORMAT = dwarf;
				ENABLE_STRICT_OBJC_MSGSEND = YES;
				ENABLE_TESTABILITY = YES;
				GCC_C_LANGUAGE_STANDARD = gnu11;
				GCC_DYNAMIC_NO_PIC = NO;
				GCC_NO_COMMON_BLOCKS = YES;
				GCC_OPTIMIZATION_LEVEL = 0;
				GCC_PREPROCESSOR_DEFINITIONS = (
					"DEBUG=1",
					"$(inherited)",
				);
				GCC_WARN_64_TO_32_BIT_CONVERSION = YES;
				GCC_WARN_ABOUT_RETURN_TYPE = YES_ERROR;
				GCC_WARN_UNDECLARED_SELECTOR = YES;
				GCC_WARN_UNINITIALIZED_AUTOS = YES_AGGRESSIVE;
				GCC_WARN_UNUSED_FUNCTION = YES;
				GCC_WARN_UNUSED_VARIABLE = YES;
				MACOSX_DEPLOYMENT_TARGET = 13.3;
				MTL_ENABLE_DEBUG_INFO = INCLUDE_SOURCE;
				MTL_FAST_MATH = YES;
				ONLY_ACTIVE_ARCH = YES;
				SDKROOT = macosx;
				SWIFT_ACTIVE_COMPILATION_CONDITIONS = DEBUG;
				SWIFT_OPTIMIZATION_LEVEL = "-Onone";
			};
			name = Debug;
		};
		88BDFFDF2A5D5D9700F7A51D /* Release */ = {
			isa = XCBuildConfiguration;
			buildSettings = {
				ALWAYS_SEARCH_USER_PATHS = NO;
				CLANG_ANALYZER_NONNULL = YES;
				CLANG_ANALYZER_NUMBER_OBJECT_CONVERSION = YES_AGGRESSIVE;
				CLANG_CXX_LANGUAGE_STANDARD = "gnu++20";
				CLANG_ENABLE_MODULES = YES;
				CLANG_ENABLE_OBJC_ARC = YES;
				CLANG_ENABLE_OBJC_WEAK = YES;
				CLANG_WARN_BLOCK_CAPTURE_AUTORELEASING = YES;
				CLANG_WARN_BOOL_CONVERSION = YES;
				CLANG_WARN_COMMA = YES;
				CLANG_WARN_CONSTANT_CONVERSION = YES;
				CLANG_WARN_DEPRECATED_OBJC_IMPLEMENTATIONS = YES;
				CLANG_WARN_DIRECT_OBJC_ISA_USAGE = YES_ERROR;
				CLANG_WARN_DOCUMENTATION_COMMENTS = YES;
				CLANG_WARN_EMPTY_BODY = YES;
				CLANG_WARN_ENUM_CONVERSION = YES;
				CLANG_WARN_INFINITE_RECURSION = YES;
				CLANG_WARN_INT_CONVERSION = YES;
				CLANG_WARN_NON_LITERAL_NULL_CONVERSION = YES;
				CLANG_WARN_OBJC_IMPLICIT_RETAIN_SELF = YES;
				CLANG_WARN_OBJC_LITERAL_CONVERSION = YES;
				CLANG_WARN_OBJC_ROOT_CLASS = YES_ERROR;
				CLANG_WARN_QUOTED_INCLUDE_IN_FRAMEWORK_HEADER = YES;
				CLANG_WARN_RANGE_LOOP_ANALYSIS = YES;
				CLANG_WARN_STRICT_PROTOTYPES = YES;
				CLANG_WARN_SUSPICIOUS_MOVE = YES;
				CLANG_WARN_UNGUARDED_AVAILABILITY = YES_AGGRESSIVE;
				CLANG_WARN_UNREACHABLE_CODE = YES;
				CLANG_WARN__DUPLICATE_METHOD_MATCH = YES;
				COPY_PHASE_STRIP = NO;
				DEBUG_INFORMATION_FORMAT = "dwarf-with-dsym";
				ENABLE_NS_ASSERTIONS = NO;
				ENABLE_STRICT_OBJC_MSGSEND = YES;
				GCC_C_LANGUAGE_STANDARD = gnu11;
				GCC_NO_COMMON_BLOCKS = YES;
				GCC_WARN_64_TO_32_BIT_CONVERSION = YES;
				GCC_WARN_ABOUT_RETURN_TYPE = YES_ERROR;
				GCC_WARN_UNDECLARED_SELECTOR = YES;
				GCC_WARN_UNINITIALIZED_AUTOS = YES_AGGRESSIVE;
				GCC_WARN_UNUSED_FUNCTION = YES;
				GCC_WARN_UNUSED_VARIABLE = YES;
				MACOSX_DEPLOYMENT_TARGET = 13.3;
				MTL_ENABLE_DEBUG_INFO = NO;
				MTL_FAST_MATH = YES;
				SDKROOT = macosx;
				SWIFT_COMPILATION_MODE = wholemodule;
				SWIFT_OPTIMIZATION_LEVEL = "-O";
			};
			name = Release;
		};
		88BDFFE12A5D5D9700F7A51D /* Debug */ = {
			isa = XCBuildConfiguration;
			buildSettings = {
				ASSETCATALOG_COMPILER_APPICON_NAME = AppIcon;
				ASSETCATALOG_COMPILER_GLOBAL_ACCENT_COLOR_NAME = AccentColor;
				CODE_SIGN_ENTITLEMENTS = "Telegram Colne/Telegram_Colne.entitlements";
				CODE_SIGN_STYLE = Automatic;
				COMBINE_HIDPI_IMAGES = YES;
				CURRENT_PROJECT_VERSION = 1;
				DEVELOPMENT_ASSET_PATHS = "\"Telegram Colne/Preview Content\"";
				DEVELOPMENT_TEAM = L9F9U7P6GK;
				ENABLE_HARDENED_RUNTIME = YES;
				ENABLE_PREVIEWS = YES;
				GENERATE_INFOPLIST_FILE = YES;
				INFOPLIST_KEY_CFBundleDisplayName = "Telegram Clone";
				INFOPLIST_KEY_NSHumanReadableCopyright = "";
				LD_RUNPATH_SEARCH_PATHS = (
					"$(inherited)",
					"@executable_path/../Frameworks",
				);
				MARKETING_VERSION = 1.0;
				PRODUCT_BUNDLE_IDENTIFIER = "com.msaadev.Telegram-Colne";
				PRODUCT_NAME = "$(TARGET_NAME)";
				SWIFT_EMIT_LOC_STRINGS = YES;
				SWIFT_VERSION = 5.0;
			};
			name = Debug;
		};
		88BDFFE22A5D5D9700F7A51D /* Release */ = {
			isa = XCBuildConfiguration;
			buildSettings = {
				ASSETCATALOG_COMPILER_APPICON_NAME = AppIcon;
				ASSETCATALOG_COMPILER_GLOBAL_ACCENT_COLOR_NAME = AccentColor;
				CODE_SIGN_ENTITLEMENTS = "Telegram Colne/Telegram_Colne.entitlements";
				CODE_SIGN_STYLE = Automatic;
				COMBINE_HIDPI_IMAGES = YES;
				CURRENT_PROJECT_VERSION = 1;
				DEVELOPMENT_ASSET_PATHS = "\"Telegram Colne/Preview Content\"";
				DEVELOPMENT_TEAM = L9F9U7P6GK;
				ENABLE_HARDENED_RUNTIME = YES;
				ENABLE_PREVIEWS = YES;
				GENERATE_INFOPLIST_FILE = YES;
				INFOPLIST_KEY_CFBundleDisplayName = "Telegram Clone";
				INFOPLIST_KEY_NSHumanReadableCopyright = "";
				LD_RUNPATH_SEARCH_PATHS = (
					"$(inherited)",
					"@executable_path/../Frameworks",
				);
				MARKETING_VERSION = 1.0;
				PRODUCT_BUNDLE_IDENTIFIER = "com.msaadev.Telegram-Colne";
				PRODUCT_NAME = "$(TARGET_NAME)";
				SWIFT_EMIT_LOC_STRINGS = YES;
				SWIFT_VERSION = 5.0;
			};
			name = Release;
		};
/* End XCBuildConfiguration section */

/* Begin XCConfigurationList section */
		88BDFFCC2A5D5D9700F7A51D /* Build configuration list for PBXProject "Telegram Colne" */ = {
			isa = XCConfigurationList;
			buildConfigurations = (
				88BDFFDE2A5D5D9700F7A51D /* Debug */,
				88BDFFDF2A5D5D9700F7A51D /* Release */,
			);
			defaultConfigurationIsVisible = 0;
			defaultConfigurationName = Release;
		};
		88BDFFE02A5D5D9700F7A51D /* Build configuration list for PBXNativeTarget "Telegram Colne" */ = {
			isa = XCConfigurationList;
			buildConfigurations = (
				88BDFFE12A5D5D9700F7A51D /* Debug */,
				88BDFFE22A5D5D9700F7A51D /* Release */,
			);
			defaultConfigurationIsVisible = 0;
			defaultConfigurationName = Release;
		};
/* End XCConfigurationList section */
	};
	rootObject = 88BDFFC92A5D5D9700F7A51D /* Project object */;
}
